// !$*UTF8*$!
{
	archiveVersion = 1;
	classes = {
	};
	objectVersion = 56;
	objects = {

/* Begin PBXBuildFile section */
		5C70D88B2A38E8D700EC8436 /* AppDelegate.swift in Sources */ = {isa = PBXBuildFile; fileRef = 5C70D88A2A38E8D700EC8436 /* AppDelegate.swift */; };
		5C70D88D2A38E8D700EC8436 /* SceneDelegate.swift in Sources */ = {isa = PBXBuildFile; fileRef = 5C70D88C2A38E8D700EC8436 /* SceneDelegate.swift */; };
		5C70D8942A38E8D900EC8436 /* Assets.xcassets in Resources */ = {isa = PBXBuildFile; fileRef = 5C70D8932A38E8D900EC8436 /* Assets.xcassets */; };
		5C70D8972A38E8D900EC8436 /* LaunchScreen.storyboard in Resources */ = {isa = PBXBuildFile; fileRef = 5C70D8952A38E8D900EC8436 /* LaunchScreen.storyboard */; };
		5C70D8A42A38EA8600EC8436 /* Extensions.swift in Sources */ = {isa = PBXBuildFile; fileRef = 5C70D8A32A38EA8600EC8436 /* Extensions.swift */; };
		5C70D8A62A38EEF600EC8436 /* InitialPageVC.swift in Sources */ = {isa = PBXBuildFile; fileRef = 5C70D8A52A38EEF600EC8436 /* InitialPageVC.swift */; };
		5C70D8A82A39761200EC8436 /* RegistrationVC.swift in Sources */ = {isa = PBXBuildFile; fileRef = 5C70D8A72A39761200EC8436 /* RegistrationVC.swift */; };
		5C70D8AC2A398AF700EC8436 /* Helper.swift in Sources */ = {isa = PBXBuildFile; fileRef = 5C70D8AB2A398AF700EC8436 /* Helper.swift */; };
		5C70D8B02A399C0200EC8436 /* Constraints.swift in Sources */ = {isa = PBXBuildFile; fileRef = 5C70D8AF2A399C0100EC8436 /* Constraints.swift */; };
		5C70D8BF2A3AF6D700EC8436 /* InputFieldView.swift in Sources */ = {isa = PBXBuildFile; fileRef = 5C70D8BE2A3AF6D700EC8436 /* InputFieldView.swift */; };
		5C70D8C12A3B213300EC8436 /* ConstantTexts.swift in Sources */ = {isa = PBXBuildFile; fileRef = 5C70D8C02A3B213300EC8436 /* ConstantTexts.swift */; };
		5C99E4652A3EDC5600859584 /* InitialSetupVC.swift in Sources */ = {isa = PBXBuildFile; fileRef = 5C99E4642A3EDC5600859584 /* InitialSetupVC.swift */; };
		5C99E4672A3EEE8500859584 /* BlueButton.swift in Sources */ = {isa = PBXBuildFile; fileRef = 5C99E4662A3EEE8500859584 /* BlueButton.swift */; };
/* End PBXBuildFile section */

/* Begin PBXFileReference section */
		5C70D8872A38E8D700EC8436 /* athletic-ai.app */ = {isa = PBXFileReference; explicitFileType = wrapper.application; includeInIndex = 0; path = "athletic-ai.app"; sourceTree = BUILT_PRODUCTS_DIR; };
		5C70D88A2A38E8D700EC8436 /* AppDelegate.swift */ = {isa = PBXFileReference; lastKnownFileType = sourcecode.swift; path = AppDelegate.swift; sourceTree = "<group>"; };
		5C70D88C2A38E8D700EC8436 /* SceneDelegate.swift */ = {isa = PBXFileReference; lastKnownFileType = sourcecode.swift; path = SceneDelegate.swift; sourceTree = "<group>"; };
		5C70D8932A38E8D900EC8436 /* Assets.xcassets */ = {isa = PBXFileReference; lastKnownFileType = folder.assetcatalog; path = Assets.xcassets; sourceTree = "<group>"; };
		5C70D8962A38E8D900EC8436 /* Base */ = {isa = PBXFileReference; lastKnownFileType = file.storyboard; name = Base; path = Base.lproj/LaunchScreen.storyboard; sourceTree = "<group>"; };
		5C70D8982A38E8D900EC8436 /* Info.plist */ = {isa = PBXFileReference; lastKnownFileType = text.plist.xml; path = Info.plist; sourceTree = "<group>"; };
		5C70D8A32A38EA8600EC8436 /* Extensions.swift */ = {isa = PBXFileReference; lastKnownFileType = sourcecode.swift; path = Extensions.swift; sourceTree = "<group>"; };
		5C70D8A52A38EEF600EC8436 /* InitialPageVC.swift */ = {isa = PBXFileReference; lastKnownFileType = sourcecode.swift; path = InitialPageVC.swift; sourceTree = "<group>"; };
		5C70D8A72A39761200EC8436 /* RegistrationVC.swift */ = {isa = PBXFileReference; lastKnownFileType = sourcecode.swift; path = RegistrationVC.swift; sourceTree = "<group>"; };
		5C70D8AB2A398AF700EC8436 /* Helper.swift */ = {isa = PBXFileReference; lastKnownFileType = sourcecode.swift; path = Helper.swift; sourceTree = "<group>"; };
		5C70D8AF2A399C0100EC8436 /* Constraints.swift */ = {isa = PBXFileReference; lastKnownFileType = sourcecode.swift; path = Constraints.swift; sourceTree = "<group>"; };
		5C70D8BE2A3AF6D700EC8436 /* InputFieldView.swift */ = {isa = PBXFileReference; lastKnownFileType = sourcecode.swift; path = InputFieldView.swift; sourceTree = "<group>"; };
		5C70D8C02A3B213300EC8436 /* ConstantTexts.swift */ = {isa = PBXFileReference; lastKnownFileType = sourcecode.swift; path = ConstantTexts.swift; sourceTree = "<group>"; };
		5C99E4642A3EDC5600859584 /* InitialSetupVC.swift */ = {isa = PBXFileReference; lastKnownFileType = sourcecode.swift; path = InitialSetupVC.swift; sourceTree = "<group>"; };
		5C99E4662A3EEE8500859584 /* BlueButton.swift */ = {isa = PBXFileReference; lastKnownFileType = sourcecode.swift; path = BlueButton.swift; sourceTree = "<group>"; };
/* End PBXFileReference section */

/* Begin PBXFrameworksBuildPhase section */
		5C70D8842A38E8D700EC8436 /* Frameworks */ = {
			isa = PBXFrameworksBuildPhase;
			buildActionMask = 2147483647;
			files = (
			);
			runOnlyForDeploymentPostprocessing = 0;
		};
/* End PBXFrameworksBuildPhase section */

/* Begin PBXGroup section */
		5C70D87E2A38E8D700EC8436 = {
			isa = PBXGroup;
			children = (
				5C70D8892A38E8D700EC8436 /* athletic-ai */,
				5C70D8882A38E8D700EC8436 /* Products */,
			);
			sourceTree = "<group>";
		};
		5C70D8882A38E8D700EC8436 /* Products */ = {
			isa = PBXGroup;
			children = (
				5C70D8872A38E8D700EC8436 /* athletic-ai.app */,
			);
			name = Products;
			sourceTree = "<group>";
		};
		5C70D8892A38E8D700EC8436 /* athletic-ai */ = {
			isa = PBXGroup;
			children = (
				5C70D8B52A3A0E3900EC8436 /* Components */,
				5C70D8A22A38EA7B00EC8436 /* Others */,
				5C70D8A12A38EA7300EC8436 /* Managers */,
				5C70D8A02A38EA6600EC8436 /* Controllers */,
				5C70D89F2A38EA4E00EC8436 /* Views */,
				5C70D89E2A38EA4900EC8436 /* Models */,
				5C70D88A2A38E8D700EC8436 /* AppDelegate.swift */,
				5C70D88C2A38E8D700EC8436 /* SceneDelegate.swift */,
				5C70D8932A38E8D900EC8436 /* Assets.xcassets */,
				5C70D8952A38E8D900EC8436 /* LaunchScreen.storyboard */,
				5C70D8982A38E8D900EC8436 /* Info.plist */,
			);
			path = "athletic-ai";
			sourceTree = "<group>";
		};
		5C70D89E2A38EA4900EC8436 /* Models */ = {
			isa = PBXGroup;
			children = (
			);
			path = Models;
			sourceTree = "<group>";
		};
		5C70D89F2A38EA4E00EC8436 /* Views */ = {
			isa = PBXGroup;
			children = (
				5C70D8BE2A3AF6D700EC8436 /* InputFieldView.swift */,
			);
			path = Views;
			sourceTree = "<group>";
		};
		5C70D8A02A38EA6600EC8436 /* Controllers */ = {
			isa = PBXGroup;
			children = (
				5C70D8A52A38EEF600EC8436 /* InitialPageVC.swift */,
				5C70D8A72A39761200EC8436 /* RegistrationVC.swift */,
				5C99E4642A3EDC5600859584 /* InitialSetupVC.swift */,
			);
			path = Controllers;
			sourceTree = "<group>";
		};
		5C70D8A12A38EA7300EC8436 /* Managers */ = {
			isa = PBXGroup;
			children = (
			);
			path = Managers;
			sourceTree = "<group>";
		};
		5C70D8A22A38EA7B00EC8436 /* Others */ = {
			isa = PBXGroup;
			children = (
				5C70D8A32A38EA8600EC8436 /* Extensions.swift */,
				5C70D8AB2A398AF700EC8436 /* Helper.swift */,
				5C70D8AF2A399C0100EC8436 /* Constraints.swift */,
				5C70D8C02A3B213300EC8436 /* ConstantTexts.swift */,
			);
			path = Others;
			sourceTree = "<group>";
		};
		5C70D8B52A3A0E3900EC8436 /* Components */ = {
			isa = PBXGroup;
			children = (
				5C99E4662A3EEE8500859584 /* BlueButton.swift */,
			);
			path = Components;
			sourceTree = "<group>";
		};
/* End PBXGroup section */

/* Begin PBXNativeTarget section */
		5C70D8862A38E8D700EC8436 /* athletic-ai */ = {
			isa = PBXNativeTarget;
			buildConfigurationList = 5C70D89B2A38E8D900EC8436 /* Build configuration list for PBXNativeTarget "athletic-ai" */;
			buildPhases = (
				5C70D8832A38E8D700EC8436 /* Sources */,
				5C70D8842A38E8D700EC8436 /* Frameworks */,
				5C70D8852A38E8D700EC8436 /* Resources */,
			);
			buildRules = (
			);
			dependencies = (
			);
			name = "athletic-ai";
			productName = "athletic-ai";
			productReference = 5C70D8872A38E8D700EC8436 /* athletic-ai.app */;
			productType = "com.apple.product-type.application";
		};
/* End PBXNativeTarget section */

/* Begin PBXProject section */
		5C70D87F2A38E8D700EC8436 /* Project object */ = {
			isa = PBXProject;
			attributes = {
				BuildIndependentTargetsInParallel = 1;
				LastSwiftUpdateCheck = 1420;
				LastUpgradeCheck = 1420;
				TargetAttributes = {
					5C70D8862A38E8D700EC8436 = {
						CreatedOnToolsVersion = 14.2;
					};
				};
			};
			buildConfigurationList = 5C70D8822A38E8D700EC8436 /* Build configuration list for PBXProject "athletic-ai" */;
			compatibilityVersion = "Xcode 14.0";
			developmentRegion = en;
			hasScannedForEncodings = 0;
			knownRegions = (
				en,
				Base,
			);
			mainGroup = 5C70D87E2A38E8D700EC8436;
			productRefGroup = 5C70D8882A38E8D700EC8436 /* Products */;
			projectDirPath = "";
			projectRoot = "";
			targets = (
				5C70D8862A38E8D700EC8436 /* athletic-ai */,
			);
		};
/* End PBXProject section */

/* Begin PBXResourcesBuildPhase section */
		5C70D8852A38E8D700EC8436 /* Resources */ = {
			isa = PBXResourcesBuildPhase;
			buildActionMask = 2147483647;
			files = (
				5C70D8972A38E8D900EC8436 /* LaunchScreen.storyboard in Resources */,
				5C70D8942A38E8D900EC8436 /* Assets.xcassets in Resources */,
			);
			runOnlyForDeploymentPostprocessing = 0;
		};
/* End PBXResourcesBuildPhase section */

/* Begin PBXSourcesBuildPhase section */
		5C70D8832A38E8D700EC8436 /* Sources */ = {
			isa = PBXSourcesBuildPhase;
			buildActionMask = 2147483647;
			files = (
				5C70D88B2A38E8D700EC8436 /* AppDelegate.swift in Sources */,
				5C99E4652A3EDC5600859584 /* InitialSetupVC.swift in Sources */,
				5C70D8AC2A398AF700EC8436 /* Helper.swift in Sources */,
				5C70D88D2A38E8D700EC8436 /* SceneDelegate.swift in Sources */,
				5C70D8B02A399C0200EC8436 /* Constraints.swift in Sources */,
				5C70D8A62A38EEF600EC8436 /* InitialPageVC.swift in Sources */,
				5C70D8A82A39761200EC8436 /* RegistrationVC.swift in Sources */,
				5C70D8BF2A3AF6D700EC8436 /* InputFieldView.swift in Sources */,
				5C99E4672A3EEE8500859584 /* BlueButton.swift in Sources */,
				5C70D8A42A38EA8600EC8436 /* Extensions.swift in Sources */,
				5C70D8C12A3B213300EC8436 /* ConstantTexts.swift in Sources */,
			);
			runOnlyForDeploymentPostprocessing = 0;
		};
/* End PBXSourcesBuildPhase section */

/* Begin PBXVariantGroup section */
		5C70D8952A38E8D900EC8436 /* LaunchScreen.storyboard */ = {
			isa = PBXVariantGroup;
			children = (
				5C70D8962A38E8D900EC8436 /* Base */,
			);
			name = LaunchScreen.storyboard;
			sourceTree = "<group>";
		};
/* End PBXVariantGroup section */

/* Begin XCBuildConfiguration section */
		5C70D8992A38E8D900EC8436 /* Debug */ = {
			isa = XCBuildConfiguration;
			buildSettings = {
				ALWAYS_SEARCH_USER_PATHS = NO;
				CLANG_ANALYZER_NONNULL = YES;
				CLANG_ANALYZER_NUMBER_OBJECT_CONVERSION = YES_AGGRESSIVE;
				CLANG_CXX_LANGUAGE_STANDARD = "gnu++20";
				CLANG_ENABLE_MODULES = YES;
				CLANG_ENABLE_OBJC_ARC = YES;
				CLANG_ENABLE_OBJC_WEAK = YES;
				CLANG_WARN_BLOCK_CAPTURE_AUTORELEASING = YES;
				CLANG_WARN_BOOL_CONVERSION = YES;
				CLANG_WARN_COMMA = YES;
				CLANG_WARN_CONSTANT_CONVERSION = YES;
				CLANG_WARN_DEPRECATED_OBJC_IMPLEMENTATIONS = YES;
				CLANG_WARN_DIRECT_OBJC_ISA_USAGE = YES_ERROR;
				CLANG_WARN_DOCUMENTATION_COMMENTS = YES;
				CLANG_WARN_EMPTY_BODY = YES;
				CLANG_WARN_ENUM_CONVERSION = YES;
				CLANG_WARN_INFINITE_RECURSION = YES;
				CLANG_WARN_INT_CONVERSION = YES;
				CLANG_WARN_NON_LITERAL_NULL_CONVERSION = YES;
				CLANG_WARN_OBJC_IMPLICIT_RETAIN_SELF = YES;
				CLANG_WARN_OBJC_LITERAL_CONVERSION = YES;
				CLANG_WARN_OBJC_ROOT_CLASS = YES_ERROR;
				CLANG_WARN_QUOTED_INCLUDE_IN_FRAMEWORK_HEADER = YES;
				CLANG_WARN_RANGE_LOOP_ANALYSIS = YES;
				CLANG_WARN_STRICT_PROTOTYPES = YES;
				CLANG_WARN_SUSPICIOUS_MOVE = YES;
				CLANG_WARN_UNGUARDED_AVAILABILITY = YES_AGGRESSIVE;
				CLANG_WARN_UNREACHABLE_CODE = YES;
				CLANG_WARN__DUPLICATE_METHOD_MATCH = YES;
				COPY_PHASE_STRIP = NO;
				DEBUG_INFORMATION_FORMAT = dwarf;
				ENABLE_STRICT_OBJC_MSGSEND = YES;
				ENABLE_TESTABILITY = YES;
				GCC_C_LANGUAGE_STANDARD = gnu11;
				GCC_DYNAMIC_NO_PIC = NO;
				GCC_NO_COMMON_BLOCKS = YES;
				GCC_OPTIMIZATION_LEVEL = 0;
				GCC_PREPROCESSOR_DEFINITIONS = (
					"DEBUG=1",
					"$(inherited)",
				);
				GCC_WARN_64_TO_32_BIT_CONVERSION = YES;
				GCC_WARN_ABOUT_RETURN_TYPE = YES_ERROR;
				GCC_WARN_UNDECLARED_SELECTOR = YES;
				GCC_WARN_UNINITIALIZED_AUTOS = YES_AGGRESSIVE;
				GCC_WARN_UNUSED_FUNCTION = YES;
				GCC_WARN_UNUSED_VARIABLE = YES;
				IPHONEOS_DEPLOYMENT_TARGET = 16.2;
				MTL_ENABLE_DEBUG_INFO = INCLUDE_SOURCE;
				MTL_FAST_MATH = YES;
				ONLY_ACTIVE_ARCH = YES;
				SDKROOT = iphoneos;
				SWIFT_ACTIVE_COMPILATION_CONDITIONS = DEBUG;
				SWIFT_OPTIMIZATION_LEVEL = "-Onone";
			};
			name = Debug;
		};
		5C70D89A2A38E8D900EC8436 /* Release */ = {
			isa = XCBuildConfiguration;
			buildSettings = {
				ALWAYS_SEARCH_USER_PATHS = NO;
				CLANG_ANALYZER_NONNULL = YES;
				CLANG_ANALYZER_NUMBER_OBJECT_CONVERSION = YES_AGGRESSIVE;
				CLANG_CXX_LANGUAGE_STANDARD = "gnu++20";
				CLANG_ENABLE_MODULES = YES;
				CLANG_ENABLE_OBJC_ARC = YES;
				CLANG_ENABLE_OBJC_WEAK = YES;
				CLANG_WARN_BLOCK_CAPTURE_AUTORELEASING = YES;
				CLANG_WARN_BOOL_CONVERSION = YES;
				CLANG_WARN_COMMA = YES;
				CLANG_WARN_CONSTANT_CONVERSION = YES;
				CLANG_WARN_DEPRECATED_OBJC_IMPLEMENTATIONS = YES;
				CLANG_WARN_DIRECT_OBJC_ISA_USAGE = YES_ERROR;
				CLANG_WARN_DOCUMENTATION_COMMENTS = YES;
				CLANG_WARN_EMPTY_BODY = YES;
				CLANG_WARN_ENUM_CONVERSION = YES;
				CLANG_WARN_INFINITE_RECURSION = YES;
				CLANG_WARN_INT_CONVERSION = YES;
				CLANG_WARN_NON_LITERAL_NULL_CONVERSION = YES;
				CLANG_WARN_OBJC_IMPLICIT_RETAIN_SELF = YES;
				CLANG_WARN_OBJC_LITERAL_CONVERSION = YES;
				CLANG_WARN_OBJC_ROOT_CLASS = YES_ERROR;
				CLANG_WARN_QUOTED_INCLUDE_IN_FRAMEWORK_HEADER = YES;
				CLANG_WARN_RANGE_LOOP_ANALYSIS = YES;
				CLANG_WARN_STRICT_PROTOTYPES = YES;
				CLANG_WARN_SUSPICIOUS_MOVE = YES;
				CLANG_WARN_UNGUARDED_AVAILABILITY = YES_AGGRESSIVE;
				CLANG_WARN_UNREACHABLE_CODE = YES;
				CLANG_WARN__DUPLICATE_METHOD_MATCH = YES;
				COPY_PHASE_STRIP = NO;
				DEBUG_INFORMATION_FORMAT = "dwarf-with-dsym";
				ENABLE_NS_ASSERTIONS = NO;
				ENABLE_STRICT_OBJC_MSGSEND = YES;
				GCC_C_LANGUAGE_STANDARD = gnu11;
				GCC_NO_COMMON_BLOCKS = YES;
				GCC_WARN_64_TO_32_BIT_CONVERSION = YES;
				GCC_WARN_ABOUT_RETURN_TYPE = YES_ERROR;
				GCC_WARN_UNDECLARED_SELECTOR = YES;
				GCC_WARN_UNINITIALIZED_AUTOS = YES_AGGRESSIVE;
				GCC_WARN_UNUSED_FUNCTION = YES;
				GCC_WARN_UNUSED_VARIABLE = YES;
				IPHONEOS_DEPLOYMENT_TARGET = 16.2;
				MTL_ENABLE_DEBUG_INFO = NO;
				MTL_FAST_MATH = YES;
				SDKROOT = iphoneos;
				SWIFT_COMPILATION_MODE = wholemodule;
				SWIFT_OPTIMIZATION_LEVEL = "-O";
				VALIDATE_PRODUCT = YES;
			};
			name = Release;
		};
		5C70D89C2A38E8D900EC8436 /* Debug */ = {
			isa = XCBuildConfiguration;
			buildSettings = {
				ASSETCATALOG_COMPILER_APPICON_NAME = AppIcon;
				ASSETCATALOG_COMPILER_GLOBAL_ACCENT_COLOR_NAME = AccentColor;
				CODE_SIGN_STYLE = Automatic;
				CURRENT_PROJECT_VERSION = 1;
				DEVELOPMENT_TEAM = AA27Q22GWM;
				GENERATE_INFOPLIST_FILE = YES;
				INFOPLIST_FILE = "athletic-ai/Info.plist";
				INFOPLIST_KEY_UIApplicationSupportsIndirectInputEvents = YES;
				INFOPLIST_KEY_UILaunchStoryboardName = LaunchScreen;
				INFOPLIST_KEY_UISupportedInterfaceOrientations_iPad = "UIInterfaceOrientationPortrait UIInterfaceOrientationPortraitUpsideDown UIInterfaceOrientationLandscapeLeft UIInterfaceOrientationLandscapeRight";
				INFOPLIST_KEY_UISupportedInterfaceOrientations_iPhone = "UIInterfaceOrientationPortrait UIInterfaceOrientationLandscapeLeft UIInterfaceOrientationLandscapeRight";
				LD_RUNPATH_SEARCH_PATHS = (
					"$(inherited)",
					"@executable_path/Frameworks",
				);
				MARKETING_VERSION = 1.0;
				PRODUCT_BUNDLE_IDENTIFIER = "com.nouraleee.athletic-ai";
				PRODUCT_NAME = "$(TARGET_NAME)";
				SWIFT_EMIT_LOC_STRINGS = YES;
				SWIFT_VERSION = 5.0;
				TARGETED_DEVICE_FAMILY = "1,2";
			};
			name = Debug;
		};
		5C70D89D2A38E8D900EC8436 /* Release */ = {
			isa = XCBuildConfiguration;
			buildSettings = {
				ASSETCATALOG_COMPILER_APPICON_NAME = AppIcon;
				ASSETCATALOG_COMPILER_GLOBAL_ACCENT_COLOR_NAME = AccentColor;
				CODE_SIGN_STYLE = Automatic;
				CURRENT_PROJECT_VERSION = 1;
				DEVELOPMENT_TEAM = AA27Q22GWM;
				GENERATE_INFOPLIST_FILE = YES;
				INFOPLIST_FILE = "athletic-ai/Info.plist";
				INFOPLIST_KEY_UIApplicationSupportsIndirectInputEvents = YES;
				INFOPLIST_KEY_UILaunchStoryboardName = LaunchScreen;
				INFOPLIST_KEY_UISupportedInterfaceOrientations_iPad = "UIInterfaceOrientationPortrait UIInterfaceOrientationPortraitUpsideDown UIInterfaceOrientationLandscapeLeft UIInterfaceOrientationLandscapeRight";
				INFOPLIST_KEY_UISupportedInterfaceOrientations_iPhone = "UIInterfaceOrientationPortrait UIInterfaceOrientationLandscapeLeft UIInterfaceOrientationLandscapeRight";
				LD_RUNPATH_SEARCH_PATHS = (
					"$(inherited)",
					"@executable_path/Frameworks",
				);
				MARKETING_VERSION = 1.0;
				PRODUCT_BUNDLE_IDENTIFIER = "com.nouraleee.athletic-ai";
				PRODUCT_NAME = "$(TARGET_NAME)";
				SWIFT_EMIT_LOC_STRINGS = YES;
				SWIFT_VERSION = 5.0;
				TARGETED_DEVICE_FAMILY = "1,2";
			};
			name = Release;
		};
/* End XCBuildConfiguration section */

/* Begin XCConfigurationList section */
		5C70D8822A38E8D700EC8436 /* Build configuration list for PBXProject "athletic-ai" */ = {
			isa = XCConfigurationList;
			buildConfigurations = (
				5C70D8992A38E8D900EC8436 /* Debug */,
				5C70D89A2A38E8D900EC8436 /* Release */,
			);
			defaultConfigurationIsVisible = 0;
			defaultConfigurationName = Release;
		};
		5C70D89B2A38E8D900EC8436 /* Build configuration list for PBXNativeTarget "athletic-ai" */ = {
			isa = XCConfigurationList;
			buildConfigurations = (
				5C70D89C2A38E8D900EC8436 /* Debug */,
				5C70D89D2A38E8D900EC8436 /* Release */,
			);
			defaultConfigurationIsVisible = 0;
			defaultConfigurationName = Release;
		};
/* End XCConfigurationList section */
	};
	rootObject = 5C70D87F2A38E8D700EC8436 /* Project object */;
}
